
Microsoft Visual Studio Solution File, Format Version 12.00
# Visual Studio Version 16
VisualStudioVersion = 16.0.30621.155
MinimumVisualStudioVersion = 10.0.40219.1
Project("{FAE04EC0-301F-11D3-BF4B-00C04F79EFBC}") = "Galaga 2", "Galaga 2.csproj", "{D66CC168-C28D-461D-9BC9-73133A19E9D2}"
EndProject
Global
	GlobalSection(SolutionConfigurationPlatforms) = preSolution
		Debug|Any CPU = Debug|Any CPU
		Release|Any CPU = Release|Any CPU
	EndGlobalSection
	GlobalSection(ProjectConfigurationPlatforms) = postSolution
		{D66CC168-C28D-461D-9BC9-73133A19E9D2}.Debug|Any CPU.ActiveCfg = Debug|Any CPU
		{D66CC168-C28D-461D-9BC9-73133A19E9D2}.Debug|Any CPU.Build.0 = Debug|Any CPU
		{D66CC168-C28D-461D-9BC9-73133A19E9D2}.Release|Any CPU.ActiveCfg = Release|Any CPU
		{D66CC168-C28D-461D-9BC9-73133A19E9D2}.Release|Any CPU.Build.0 = Release|Any CPU
	EndGlobalSection
	GlobalSection(SolutionProperties) = preSolution
		HideSolutionNode = FALSE
	EndGlobalSection
	GlobalSection(ExtensibilityGlobals) = postSolution
		SolutionGuid = {469392E7-9688-4507-A768-B93E61B9A80B}
	EndGlobalSection
EndGlobal
